Microsoft Visual Studio Solution File, Format Version 11.00
# Visual Studio 2008

Project("{C770EB81-1BC0-AB75-808F-9B71BB2874DB}") = "StarShip", "Assembly-CSharp-firstpass.csproj", "{178EC5F0-26AD-700D-F693-FC47B925980B}"
EndProject
Project("{C770EB81-1BC0-AB75-808F-9B71BB2874DB}") = "StarShip", "Assembly-CSharp.csproj", "{3B4FAEE7-FC82-852E-F247-0C84586AFD18}"
EndProject
Project("{C770EB81-1BC0-AB75-808F-9B71BB2874DB}") = "StarShip", "Assembly-CSharp-Editor-firstpass.csproj", "{7071EDB6-D5D8-C4FA-564B-B64BD3ED0B7E}"
EndProject
Global
	GlobalSection(SolutionConfigurationPlatforms) = preSolution
		Debug|Any CPU = Debug|Any CPU
		Release|Any CPU = Release|Any CPU
	EndGlobalSection
	GlobalSection(ProjectConfigurationPlatforms) = postSolution
		{178EC5F0-26AD-700D-F693-FC47B925980B}.Debug|Any CPU.ActiveCfg = Debug|Any CPU
		{178EC5F0-26AD-700D-F693-FC47B925980B}.Debug|Any CPU.Build.0 = Debug|Any CPU
		{178EC5F0-26AD-700D-F693-FC47B925980B}.Release|Any CPU.ActiveCfg = Release|Any CPU
		{178EC5F0-26AD-700D-F693-FC47B925980B}.Release|Any CPU.Build.0 = Release|Any CPU
		{3B4FAEE7-FC82-852E-F247-0C84586AFD18}.Debug|Any CPU.ActiveCfg = Debug|Any CPU
		{3B4FAEE7-FC82-852E-F247-0C84586AFD18}.Debug|Any CPU.Build.0 = Debug|Any CPU
		{3B4FAEE7-FC82-852E-F247-0C84586AFD18}.Release|Any CPU.ActiveCfg = Release|Any CPU
		{3B4FAEE7-FC82-852E-F247-0C84586AFD18}.Release|Any CPU.Build.0 = Release|Any CPU
		{7071EDB6-D5D8-C4FA-564B-B64BD3ED0B7E}.Debug|Any CPU.ActiveCfg = Debug|Any CPU
		{7071EDB6-D5D8-C4FA-564B-B64BD3ED0B7E}.Debug|Any CPU.Build.0 = Debug|Any CPU
		{7071EDB6-D5D8-C4FA-564B-B64BD3ED0B7E}.Release|Any CPU.ActiveCfg = Release|Any CPU
		{7071EDB6-D5D8-C4FA-564B-B64BD3ED0B7E}.Release|Any CPU.Build.0 = Release|Any CPU
	EndGlobalSection
	GlobalSection(SolutionProperties) = preSolution
		HideSolutionNode = FALSE
	EndGlobalSection
	GlobalSection(MonoDevelopProperties) = preSolution
		StartupItem = Assembly-CSharp.csproj
	EndGlobalSection
EndGlobal
